
Microsoft Visual Studio Solution File, Format Version 12.00
# Visual Studio Version 17
VisualStudioVersion = 17.1.32328.378
MinimumVisualStudioVersion = 10.0.40219.1
Project("{FAE04EC0-301F-11D3-BF4B-00C04F79EFBC}") = "ContosoCrafts Website", "ContosoCrafts Website\ContosoCrafts Website.csproj", "{6AA88859-991F-41B5-AE58-DE585826ADD3}"
EndProject
Global
	GlobalSection(SolutionConfigurationPlatforms) = preSolution
		Debug|Any CPU = Debug|Any CPU
		Release|Any CPU = Release|Any CPU
	EndGlobalSection
	GlobalSection(ProjectConfigurationPlatforms) = postSolution
		{6AA88859-991F-41B5-AE58-DE585826ADD3}.Debug|Any CPU.ActiveCfg = Debug|Any CPU
		{6AA88859-991F-41B5-AE58-DE585826ADD3}.Debug|Any CPU.Build.0 = Debug|Any CPU
		{6AA88859-991F-41B5-AE58-DE585826ADD3}.Release|Any CPU.ActiveCfg = Release|Any CPU
		{6AA88859-991F-41B5-AE58-DE585826ADD3}.Release|Any CPU.Build.0 = Release|Any CPU
	EndGlobalSection
	GlobalSection(SolutionProperties) = preSolution
		HideSolutionNode = FALSE
	EndGlobalSection
	GlobalSection(ExtensibilityGlobals) = postSolution
		SolutionGuid = {17F0A3DC-C5AF-4181-A1BC-265F37EF4C5D}
	EndGlobalSection
EndGlobal
